
Microsoft Visual Studio Solution File, Format Version 12.00
# Visual Studio Version 16
VisualStudioVersion = 16.0.30011.22
MinimumVisualStudioVersion = 10.0.40219.1
Project("{FAE04EC0-301F-11D3-BF4B-00C04F79EFBC}") = "WebForms_sample1", "WebForms_sample1\WebForms_sample1.csproj", "{F9539D00-BC64-42F9-872F-42888CD2B179}"
EndProject
Global
	GlobalSection(SolutionConfigurationPlatforms) = preSolution
		Debug|Any CPU = Debug|Any CPU
		Release|Any CPU = Release|Any CPU
	EndGlobalSection
	GlobalSection(ProjectConfigurationPlatforms) = postSolution
		{F9539D00-BC64-42F9-872F-42888CD2B179}.Debug|Any CPU.ActiveCfg = Debug|Any CPU
		{F9539D00-BC64-42F9-872F-42888CD2B179}.Debug|Any CPU.Build.0 = Debug|Any CPU
		{F9539D00-BC64-42F9-872F-42888CD2B179}.Release|Any CPU.ActiveCfg = Release|Any CPU
		{F9539D00-BC64-42F9-872F-42888CD2B179}.Release|Any CPU.Build.0 = Release|Any CPU
	EndGlobalSection
	GlobalSection(SolutionProperties) = preSolution
		HideSolutionNode = FALSE
	EndGlobalSection
	GlobalSection(ExtensibilityGlobals) = postSolution
		SolutionGuid = {F934875E-7205-4DF1-B7D1-7321F354EB71}
	EndGlobalSection
EndGlobal
