
Microsoft Visual Studio Solution File, Format Version 12.00
# Visual Studio Version 16
VisualStudioVersion = 16.0.30011.22
MinimumVisualStudioVersion = 10.0.40219.1
Project("{FAE04EC0-301F-11D3-BF4B-00C04F79EFBC}") = "RentACar", "RentACar\RentACar.csproj", "{CDADAC27-5CAD-4C68-94FF-98560B1656D3}"
EndProject
Global
	GlobalSection(SolutionConfigurationPlatforms) = preSolution
		Debug|Any CPU = Debug|Any CPU
		Release|Any CPU = Release|Any CPU
	EndGlobalSection
	GlobalSection(ProjectConfigurationPlatforms) = postSolution
		{CDADAC27-5CAD-4C68-94FF-98560B1656D3}.Debug|Any CPU.ActiveCfg = Debug|Any CPU
		{CDADAC27-5CAD-4C68-94FF-98560B1656D3}.Debug|Any CPU.Build.0 = Debug|Any CPU
		{CDADAC27-5CAD-4C68-94FF-98560B1656D3}.Release|Any CPU.ActiveCfg = Release|Any CPU
		{CDADAC27-5CAD-4C68-94FF-98560B1656D3}.Release|Any CPU.Build.0 = Release|Any CPU
	EndGlobalSection
	GlobalSection(SolutionProperties) = preSolution
		HideSolutionNode = FALSE
	EndGlobalSection
	GlobalSection(ExtensibilityGlobals) = postSolution
		SolutionGuid = {8FD53F16-E4CB-46D8-84CD-17EA026C02FA}
	EndGlobalSection
EndGlobal
