
Microsoft Visual Studio Solution File, Format Version 12.00
# Visual Studio Version 16
VisualStudioVersion = 16.0.30011.22
MinimumVisualStudioVersion = 10.0.40219.1
Project("{FAE04EC0-301F-11D3-BF4B-00C04F79EFBC}") = "RentACar", "RentACar\RentACar.csproj", "{CDADAC27-5CAD-4C68-94FF-98560B1656D3}"
EndProject
Project("{FAE04EC0-301F-11D3-BF4B-00C04F79EFBC}") = "RentACar.Services.Imp", "RentACar.Services\RentACar.Services.Imp.csproj", "{492395FA-4C1A-4116-8F0C-65731A6842BB}"
EndProject
Project("{FAE04EC0-301F-11D3-BF4B-00C04F79EFBC}") = "RentACar.Services.Interfaces", "RentACar.Services.Interfaces\RentACar.Services.Interfaces.csproj", "{CC75B791-AF0F-4AF6-83CF-8CC21971645C}"
EndProject
Project("{FAE04EC0-301F-11D3-BF4B-00C04F79EFBC}") = "RentACar.DataAccess.Imp", "RentACar.DataAccess\RentACar.DataAccess.Imp.csproj", "{18CCDF1C-1806-4F1B-AEA5-21DDEA2C910B}"
EndProject
Project("{FAE04EC0-301F-11D3-BF4B-00C04F79EFBC}") = "RentACar.DataAccess.Interfaces", "RentACar.DataAccess.Interfaces\RentACar.DataAccess.Interfaces.csproj", "{3843FD41-152A-421C-9614-D4F339FD723B}"
EndProject
Project("{2150E333-8FDC-42A3-9474-1A3956D46DE8}") = "Presentation", "Presentation", "{0BD7ADE8-9129-46ED-A263-07531D65A915}"
EndProject
Project("{2150E333-8FDC-42A3-9474-1A3956D46DE8}") = "Business", "Business", "{FF94487F-A98E-4388-9FC4-5BCB66608837}"
EndProject
Project("{2150E333-8FDC-42A3-9474-1A3956D46DE8}") = "Data", "Data", "{A7C6BEBE-DD28-4DD1-A05D-2CEEB7922806}"
EndProject
Project("{2150E333-8FDC-42A3-9474-1A3956D46DE8}") = "Core", "Core", "{C4FE092A-7CA1-41CF-8F53-DA2FE5D2F4BA}"
EndProject
Project("{FAE04EC0-301F-11D3-BF4B-00C04F79EFBC}") = "RentACar.Dto", "RentACar.Dto\RentACar.Dto.csproj", "{ED6DFDAB-1594-4FF8-BD2D-4DE651955C63}"
EndProject
Project("{FAE04EC0-301F-11D3-BF4B-00C04F79EFBC}") = "RentACar.Infra", "RentACar.Infra\RentACar.Infra.csproj", "{A20E38AC-0F39-464D-A583-2330091DB906}"
EndProject
Global
	GlobalSection(SolutionConfigurationPlatforms) = preSolution
		Debug|Any CPU = Debug|Any CPU
		Release|Any CPU = Release|Any CPU
	EndGlobalSection
	GlobalSection(ProjectConfigurationPlatforms) = postSolution
		{CDADAC27-5CAD-4C68-94FF-98560B1656D3}.Debug|Any CPU.ActiveCfg = Debug|Any CPU
		{CDADAC27-5CAD-4C68-94FF-98560B1656D3}.Debug|Any CPU.Build.0 = Debug|Any CPU
		{CDADAC27-5CAD-4C68-94FF-98560B1656D3}.Release|Any CPU.ActiveCfg = Release|Any CPU
		{CDADAC27-5CAD-4C68-94FF-98560B1656D3}.Release|Any CPU.Build.0 = Release|Any CPU
		{492395FA-4C1A-4116-8F0C-65731A6842BB}.Debug|Any CPU.ActiveCfg = Debug|Any CPU
		{492395FA-4C1A-4116-8F0C-65731A6842BB}.Debug|Any CPU.Build.0 = Debug|Any CPU
		{492395FA-4C1A-4116-8F0C-65731A6842BB}.Release|Any CPU.ActiveCfg = Release|Any CPU
		{492395FA-4C1A-4116-8F0C-65731A6842BB}.Release|Any CPU.Build.0 = Release|Any CPU
		{CC75B791-AF0F-4AF6-83CF-8CC21971645C}.Debug|Any CPU.ActiveCfg = Debug|Any CPU
		{CC75B791-AF0F-4AF6-83CF-8CC21971645C}.Debug|Any CPU.Build.0 = Debug|Any CPU
		{CC75B791-AF0F-4AF6-83CF-8CC21971645C}.Release|Any CPU.ActiveCfg = Release|Any CPU
		{CC75B791-AF0F-4AF6-83CF-8CC21971645C}.Release|Any CPU.Build.0 = Release|Any CPU
		{18CCDF1C-1806-4F1B-AEA5-21DDEA2C910B}.Debug|Any CPU.ActiveCfg = Debug|Any CPU
		{18CCDF1C-1806-4F1B-AEA5-21DDEA2C910B}.Debug|Any CPU.Build.0 = Debug|Any CPU
		{18CCDF1C-1806-4F1B-AEA5-21DDEA2C910B}.Release|Any CPU.ActiveCfg = Release|Any CPU
		{18CCDF1C-1806-4F1B-AEA5-21DDEA2C910B}.Release|Any CPU.Build.0 = Release|Any CPU
		{3843FD41-152A-421C-9614-D4F339FD723B}.Debug|Any CPU.ActiveCfg = Debug|Any CPU
		{3843FD41-152A-421C-9614-D4F339FD723B}.Debug|Any CPU.Build.0 = Debug|Any CPU
		{3843FD41-152A-421C-9614-D4F339FD723B}.Release|Any CPU.ActiveCfg = Release|Any CPU
		{3843FD41-152A-421C-9614-D4F339FD723B}.Release|Any CPU.Build.0 = Release|Any CPU
		{ED6DFDAB-1594-4FF8-BD2D-4DE651955C63}.Debug|Any CPU.ActiveCfg = Debug|Any CPU
		{ED6DFDAB-1594-4FF8-BD2D-4DE651955C63}.Debug|Any CPU.Build.0 = Debug|Any CPU
		{ED6DFDAB-1594-4FF8-BD2D-4DE651955C63}.Release|Any CPU.ActiveCfg = Release|Any CPU
		{ED6DFDAB-1594-4FF8-BD2D-4DE651955C63}.Release|Any CPU.Build.0 = Release|Any CPU
		{A20E38AC-0F39-464D-A583-2330091DB906}.Debug|Any CPU.ActiveCfg = Debug|Any CPU
		{A20E38AC-0F39-464D-A583-2330091DB906}.Debug|Any CPU.Build.0 = Debug|Any CPU
		{A20E38AC-0F39-464D-A583-2330091DB906}.Release|Any CPU.ActiveCfg = Release|Any CPU
		{A20E38AC-0F39-464D-A583-2330091DB906}.Release|Any CPU.Build.0 = Release|Any CPU
	EndGlobalSection
	GlobalSection(SolutionProperties) = preSolution
		HideSolutionNode = FALSE
	EndGlobalSection
	GlobalSection(NestedProjects) = preSolution
		{CDADAC27-5CAD-4C68-94FF-98560B1656D3} = {0BD7ADE8-9129-46ED-A263-07531D65A915}
		{492395FA-4C1A-4116-8F0C-65731A6842BB} = {FF94487F-A98E-4388-9FC4-5BCB66608837}
		{CC75B791-AF0F-4AF6-83CF-8CC21971645C} = {FF94487F-A98E-4388-9FC4-5BCB66608837}
		{18CCDF1C-1806-4F1B-AEA5-21DDEA2C910B} = {A7C6BEBE-DD28-4DD1-A05D-2CEEB7922806}
		{3843FD41-152A-421C-9614-D4F339FD723B} = {A7C6BEBE-DD28-4DD1-A05D-2CEEB7922806}
		{ED6DFDAB-1594-4FF8-BD2D-4DE651955C63} = {C4FE092A-7CA1-41CF-8F53-DA2FE5D2F4BA}
		{A20E38AC-0F39-464D-A583-2330091DB906} = {C4FE092A-7CA1-41CF-8F53-DA2FE5D2F4BA}
	EndGlobalSection
	GlobalSection(ExtensibilityGlobals) = postSolution
		SolutionGuid = {8FD53F16-E4CB-46D8-84CD-17EA026C02FA}
	EndGlobalSection
EndGlobal
